
Microsoft Visual Studio Solution File, Format Version 12.00
# Visual Studio Version 16
VisualStudioVersion = 16.0.29424.173
MinimumVisualStudioVersion = 15.0.26124.0
Project("{9A19103F-16F7-4668-BE54-9A1E7A4F7556}") = "DayOne", "DayOne\DayOne.csproj", "{839F3B50-DA37-4724-A343-BAB24810BA1C}"
EndProject
Project("{9A19103F-16F7-4668-BE54-9A1E7A4F7556}") = "DayTwo", "DayTwo\DayTwo.csproj", "{00778E3F-1FF0-4CCE-96DF-4A6B18E5E32A}"
EndProject
Project("{9A19103F-16F7-4668-BE54-9A1E7A4F7556}") = "DayThree", "DayThree\DayThree.csproj", "{9CD0D15A-4CB6-493E-B5D9-E73D6F0A41E3}"
EndProject
Project("{9A19103F-16F7-4668-BE54-9A1E7A4F7556}") = "DayFour", "DayFour\DayFour.csproj", "{BB27AD19-79F0-4603-9E45-02FAE2668A06}"
EndProject
Project("{9A19103F-16F7-4668-BE54-9A1E7A4F7556}") = "DayFive", "DayFive\DayFive.csproj", "{E6DC2862-FD4B-4937-9EFE-A15B17D74EFE}"
EndProject
Project("{9A19103F-16F7-4668-BE54-9A1E7A4F7556}") = "DaySix", "DaySix\DaySix.csproj", "{347E8622-A1E7-4A99-B3AE-ADBA9F25C573}"
EndProject
Project("{9A19103F-16F7-4668-BE54-9A1E7A4F7556}") = "DaySeven", "DaySeven\DaySeven.csproj", "{7F3827E9-60D4-4DF3-94BD-0838C6C2E222}"
EndProject
Project("{9A19103F-16F7-4668-BE54-9A1E7A4F7556}") = "DayEight", "DayEight\DayEight.csproj", "{E18D7D0C-4399-4D7A-BAA5-79006636F60C}"
EndProject
Project("{9A19103F-16F7-4668-BE54-9A1E7A4F7556}") = "DayNine", "DayNine\DayNine.csproj", "{8C9083EB-586C-433C-AA21-4AFEFAF7A92F}"
EndProject
Project("{9A19103F-16F7-4668-BE54-9A1E7A4F7556}") = "DayTen", "DayTen\DayTen.csproj", "{49BF686C-7309-4667-BA72-0C55CE1E7D87}"
EndProject
Project("{FAE04EC0-301F-11D3-BF4B-00C04F79EFBC}") = "DayEleven", "DayEleven\DayEleven.csproj", "{DE4C85AC-C4B7-488C-93AA-2712FF99C0D0}"
EndProject
Global
	GlobalSection(SolutionConfigurationPlatforms) = preSolution
		Debug|Any CPU = Debug|Any CPU
		Debug|x64 = Debug|x64
		Debug|x86 = Debug|x86
		Release|Any CPU = Release|Any CPU
		Release|x64 = Release|x64
		Release|x86 = Release|x86
	EndGlobalSection
	GlobalSection(ProjectConfigurationPlatforms) = postSolution
		{839F3B50-DA37-4724-A343-BAB24810BA1C}.Debug|Any CPU.ActiveCfg = Debug|Any CPU
		{839F3B50-DA37-4724-A343-BAB24810BA1C}.Debug|Any CPU.Build.0 = Debug|Any CPU
		{839F3B50-DA37-4724-A343-BAB24810BA1C}.Debug|x64.ActiveCfg = Debug|Any CPU
		{839F3B50-DA37-4724-A343-BAB24810BA1C}.Debug|x64.Build.0 = Debug|Any CPU
		{839F3B50-DA37-4724-A343-BAB24810BA1C}.Debug|x86.ActiveCfg = Debug|Any CPU
		{839F3B50-DA37-4724-A343-BAB24810BA1C}.Debug|x86.Build.0 = Debug|Any CPU
		{839F3B50-DA37-4724-A343-BAB24810BA1C}.Release|Any CPU.ActiveCfg = Release|Any CPU
		{839F3B50-DA37-4724-A343-BAB24810BA1C}.Release|Any CPU.Build.0 = Release|Any CPU
		{839F3B50-DA37-4724-A343-BAB24810BA1C}.Release|x64.ActiveCfg = Release|Any CPU
		{839F3B50-DA37-4724-A343-BAB24810BA1C}.Release|x64.Build.0 = Release|Any CPU
		{839F3B50-DA37-4724-A343-BAB24810BA1C}.Release|x86.ActiveCfg = Release|Any CPU
		{839F3B50-DA37-4724-A343-BAB24810BA1C}.Release|x86.Build.0 = Release|Any CPU
		{00778E3F-1FF0-4CCE-96DF-4A6B18E5E32A}.Debug|Any CPU.ActiveCfg = Debug|Any CPU
		{00778E3F-1FF0-4CCE-96DF-4A6B18E5E32A}.Debug|Any CPU.Build.0 = Debug|Any CPU
		{00778E3F-1FF0-4CCE-96DF-4A6B18E5E32A}.Debug|x64.ActiveCfg = Debug|Any CPU
		{00778E3F-1FF0-4CCE-96DF-4A6B18E5E32A}.Debug|x64.Build.0 = Debug|Any CPU
		{00778E3F-1FF0-4CCE-96DF-4A6B18E5E32A}.Debug|x86.ActiveCfg = Debug|Any CPU
		{00778E3F-1FF0-4CCE-96DF-4A6B18E5E32A}.Debug|x86.Build.0 = Debug|Any CPU
		{00778E3F-1FF0-4CCE-96DF-4A6B18E5E32A}.Release|Any CPU.ActiveCfg = Release|Any CPU
		{00778E3F-1FF0-4CCE-96DF-4A6B18E5E32A}.Release|Any CPU.Build.0 = Release|Any CPU
		{00778E3F-1FF0-4CCE-96DF-4A6B18E5E32A}.Release|x64.ActiveCfg = Release|Any CPU
		{00778E3F-1FF0-4CCE-96DF-4A6B18E5E32A}.Release|x64.Build.0 = Release|Any CPU
		{00778E3F-1FF0-4CCE-96DF-4A6B18E5E32A}.Release|x86.ActiveCfg = Release|Any CPU
		{00778E3F-1FF0-4CCE-96DF-4A6B18E5E32A}.Release|x86.Build.0 = Release|Any CPU
		{9CD0D15A-4CB6-493E-B5D9-E73D6F0A41E3}.Debug|Any CPU.ActiveCfg = Debug|Any CPU
		{9CD0D15A-4CB6-493E-B5D9-E73D6F0A41E3}.Debug|Any CPU.Build.0 = Debug|Any CPU
		{9CD0D15A-4CB6-493E-B5D9-E73D6F0A41E3}.Debug|x64.ActiveCfg = Debug|Any CPU
		{9CD0D15A-4CB6-493E-B5D9-E73D6F0A41E3}.Debug|x64.Build.0 = Debug|Any CPU
		{9CD0D15A-4CB6-493E-B5D9-E73D6F0A41E3}.Debug|x86.ActiveCfg = Debug|Any CPU
		{9CD0D15A-4CB6-493E-B5D9-E73D6F0A41E3}.Debug|x86.Build.0 = Debug|Any CPU
		{9CD0D15A-4CB6-493E-B5D9-E73D6F0A41E3}.Release|Any CPU.ActiveCfg = Release|Any CPU
		{9CD0D15A-4CB6-493E-B5D9-E73D6F0A41E3}.Release|Any CPU.Build.0 = Release|Any CPU
		{9CD0D15A-4CB6-493E-B5D9-E73D6F0A41E3}.Release|x64.ActiveCfg = Release|Any CPU
		{9CD0D15A-4CB6-493E-B5D9-E73D6F0A41E3}.Release|x64.Build.0 = Release|Any CPU
		{9CD0D15A-4CB6-493E-B5D9-E73D6F0A41E3}.Release|x86.ActiveCfg = Release|Any CPU
		{9CD0D15A-4CB6-493E-B5D9-E73D6F0A41E3}.Release|x86.Build.0 = Release|Any CPU
		{BB27AD19-79F0-4603-9E45-02FAE2668A06}.Debug|Any CPU.ActiveCfg = Debug|Any CPU
		{BB27AD19-79F0-4603-9E45-02FAE2668A06}.Debug|Any CPU.Build.0 = Debug|Any CPU
		{BB27AD19-79F0-4603-9E45-02FAE2668A06}.Debug|x64.ActiveCfg = Debug|Any CPU
		{BB27AD19-79F0-4603-9E45-02FAE2668A06}.Debug|x64.Build.0 = Debug|Any CPU
		{BB27AD19-79F0-4603-9E45-02FAE2668A06}.Debug|x86.ActiveCfg = Debug|Any CPU
		{BB27AD19-79F0-4603-9E45-02FAE2668A06}.Debug|x86.Build.0 = Debug|Any CPU
		{BB27AD19-79F0-4603-9E45-02FAE2668A06}.Release|Any CPU.ActiveCfg = Release|Any CPU
		{BB27AD19-79F0-4603-9E45-02FAE2668A06}.Release|Any CPU.Build.0 = Release|Any CPU
		{BB27AD19-79F0-4603-9E45-02FAE2668A06}.Release|x64.ActiveCfg = Release|Any CPU
		{BB27AD19-79F0-4603-9E45-02FAE2668A06}.Release|x64.Build.0 = Release|Any CPU
		{BB27AD19-79F0-4603-9E45-02FAE2668A06}.Release|x86.ActiveCfg = Release|Any CPU
		{BB27AD19-79F0-4603-9E45-02FAE2668A06}.Release|x86.Build.0 = Release|Any CPU
		{E6DC2862-FD4B-4937-9EFE-A15B17D74EFE}.Debug|Any CPU.ActiveCfg = Debug|Any CPU
		{E6DC2862-FD4B-4937-9EFE-A15B17D74EFE}.Debug|Any CPU.Build.0 = Debug|Any CPU
		{E6DC2862-FD4B-4937-9EFE-A15B17D74EFE}.Debug|x64.ActiveCfg = Debug|Any CPU
		{E6DC2862-FD4B-4937-9EFE-A15B17D74EFE}.Debug|x64.Build.0 = Debug|Any CPU
		{E6DC2862-FD4B-4937-9EFE-A15B17D74EFE}.Debug|x86.ActiveCfg = Debug|Any CPU
		{E6DC2862-FD4B-4937-9EFE-A15B17D74EFE}.Debug|x86.Build.0 = Debug|Any CPU
		{E6DC2862-FD4B-4937-9EFE-A15B17D74EFE}.Release|Any CPU.ActiveCfg = Release|Any CPU
		{E6DC2862-FD4B-4937-9EFE-A15B17D74EFE}.Release|Any CPU.Build.0 = Release|Any CPU
		{E6DC2862-FD4B-4937-9EFE-A15B17D74EFE}.Release|x64.ActiveCfg = Release|Any CPU
		{E6DC2862-FD4B-4937-9EFE-A15B17D74EFE}.Release|x64.Build.0 = Release|Any CPU
		{E6DC2862-FD4B-4937-9EFE-A15B17D74EFE}.Release|x86.ActiveCfg = Release|Any CPU
		{E6DC2862-FD4B-4937-9EFE-A15B17D74EFE}.Release|x86.Build.0 = Release|Any CPU
		{347E8622-A1E7-4A99-B3AE-ADBA9F25C573}.Debug|Any CPU.ActiveCfg = Debug|Any CPU
		{347E8622-A1E7-4A99-B3AE-ADBA9F25C573}.Debug|Any CPU.Build.0 = Debug|Any CPU
		{347E8622-A1E7-4A99-B3AE-ADBA9F25C573}.Debug|x64.ActiveCfg = Debug|Any CPU
		{347E8622-A1E7-4A99-B3AE-ADBA9F25C573}.Debug|x64.Build.0 = Debug|Any CPU
		{347E8622-A1E7-4A99-B3AE-ADBA9F25C573}.Debug|x86.ActiveCfg = Debug|Any CPU
		{347E8622-A1E7-4A99-B3AE-ADBA9F25C573}.Debug|x86.Build.0 = Debug|Any CPU
		{347E8622-A1E7-4A99-B3AE-ADBA9F25C573}.Release|Any CPU.ActiveCfg = Release|Any CPU
		{347E8622-A1E7-4A99-B3AE-ADBA9F25C573}.Release|Any CPU.Build.0 = Release|Any CPU
		{347E8622-A1E7-4A99-B3AE-ADBA9F25C573}.Release|x64.ActiveCfg = Release|Any CPU
		{347E8622-A1E7-4A99-B3AE-ADBA9F25C573}.Release|x64.Build.0 = Release|Any CPU
		{347E8622-A1E7-4A99-B3AE-ADBA9F25C573}.Release|x86.ActiveCfg = Release|Any CPU
		{347E8622-A1E7-4A99-B3AE-ADBA9F25C573}.Release|x86.Build.0 = Release|Any CPU
		{7F3827E9-60D4-4DF3-94BD-0838C6C2E222}.Debug|Any CPU.ActiveCfg = Debug|Any CPU
		{7F3827E9-60D4-4DF3-94BD-0838C6C2E222}.Debug|Any CPU.Build.0 = Debug|Any CPU
		{7F3827E9-60D4-4DF3-94BD-0838C6C2E222}.Debug|x64.ActiveCfg = Debug|Any CPU
		{7F3827E9-60D4-4DF3-94BD-0838C6C2E222}.Debug|x64.Build.0 = Debug|Any CPU
		{7F3827E9-60D4-4DF3-94BD-0838C6C2E222}.Debug|x86.ActiveCfg = Debug|Any CPU
		{7F3827E9-60D4-4DF3-94BD-0838C6C2E222}.Debug|x86.Build.0 = Debug|Any CPU
		{7F3827E9-60D4-4DF3-94BD-0838C6C2E222}.Release|Any CPU.ActiveCfg = Release|Any CPU
		{7F3827E9-60D4-4DF3-94BD-0838C6C2E222}.Release|Any CPU.Build.0 = Release|Any CPU
		{7F3827E9-60D4-4DF3-94BD-0838C6C2E222}.Release|x64.ActiveCfg = Release|Any CPU
		{7F3827E9-60D4-4DF3-94BD-0838C6C2E222}.Release|x64.Build.0 = Release|Any CPU
		{7F3827E9-60D4-4DF3-94BD-0838C6C2E222}.Release|x86.ActiveCfg = Release|Any CPU
		{7F3827E9-60D4-4DF3-94BD-0838C6C2E222}.Release|x86.Build.0 = Release|Any CPU
		{E18D7D0C-4399-4D7A-BAA5-79006636F60C}.Debug|Any CPU.ActiveCfg = Debug|Any CPU
		{E18D7D0C-4399-4D7A-BAA5-79006636F60C}.Debug|Any CPU.Build.0 = Debug|Any CPU
		{E18D7D0C-4399-4D7A-BAA5-79006636F60C}.Debug|x64.ActiveCfg = Debug|Any CPU
		{E18D7D0C-4399-4D7A-BAA5-79006636F60C}.Debug|x64.Build.0 = Debug|Any CPU
		{E18D7D0C-4399-4D7A-BAA5-79006636F60C}.Debug|x86.ActiveCfg = Debug|Any CPU
		{E18D7D0C-4399-4D7A-BAA5-79006636F60C}.Debug|x86.Build.0 = Debug|Any CPU
		{E18D7D0C-4399-4D7A-BAA5-79006636F60C}.Release|Any CPU.ActiveCfg = Release|Any CPU
		{E18D7D0C-4399-4D7A-BAA5-79006636F60C}.Release|Any CPU.Build.0 = Release|Any CPU
		{E18D7D0C-4399-4D7A-BAA5-79006636F60C}.Release|x64.ActiveCfg = Release|Any CPU
		{E18D7D0C-4399-4D7A-BAA5-79006636F60C}.Release|x64.Build.0 = Release|Any CPU
		{E18D7D0C-4399-4D7A-BAA5-79006636F60C}.Release|x86.ActiveCfg = Release|Any CPU
		{E18D7D0C-4399-4D7A-BAA5-79006636F60C}.Release|x86.Build.0 = Release|Any CPU
		{8C9083EB-586C-433C-AA21-4AFEFAF7A92F}.Debug|Any CPU.ActiveCfg = Debug|Any CPU
		{8C9083EB-586C-433C-AA21-4AFEFAF7A92F}.Debug|Any CPU.Build.0 = Debug|Any CPU
		{8C9083EB-586C-433C-AA21-4AFEFAF7A92F}.Debug|x64.ActiveCfg = Debug|Any CPU
		{8C9083EB-586C-433C-AA21-4AFEFAF7A92F}.Debug|x64.Build.0 = Debug|Any CPU
		{8C9083EB-586C-433C-AA21-4AFEFAF7A92F}.Debug|x86.ActiveCfg = Debug|Any CPU
		{8C9083EB-586C-433C-AA21-4AFEFAF7A92F}.Debug|x86.Build.0 = Debug|Any CPU
		{8C9083EB-586C-433C-AA21-4AFEFAF7A92F}.Release|Any CPU.ActiveCfg = Release|Any CPU
		{8C9083EB-586C-433C-AA21-4AFEFAF7A92F}.Release|Any CPU.Build.0 = Release|Any CPU
		{8C9083EB-586C-433C-AA21-4AFEFAF7A92F}.Release|x64.ActiveCfg = Release|Any CPU
		{8C9083EB-586C-433C-AA21-4AFEFAF7A92F}.Release|x64.Build.0 = Release|Any CPU
		{8C9083EB-586C-433C-AA21-4AFEFAF7A92F}.Release|x86.ActiveCfg = Release|Any CPU
		{8C9083EB-586C-433C-AA21-4AFEFAF7A92F}.Release|x86.Build.0 = Release|Any CPU
		{49BF686C-7309-4667-BA72-0C55CE1E7D87}.Debug|Any CPU.ActiveCfg = Debug|Any CPU
		{49BF686C-7309-4667-BA72-0C55CE1E7D87}.Debug|Any CPU.Build.0 = Debug|Any CPU
		{49BF686C-7309-4667-BA72-0C55CE1E7D87}.Debug|x64.ActiveCfg = Debug|Any CPU
		{49BF686C-7309-4667-BA72-0C55CE1E7D87}.Debug|x64.Build.0 = Debug|Any CPU
		{49BF686C-7309-4667-BA72-0C55CE1E7D87}.Debug|x86.ActiveCfg = Debug|Any CPU
		{49BF686C-7309-4667-BA72-0C55CE1E7D87}.Debug|x86.Build.0 = Debug|Any CPU
		{49BF686C-7309-4667-BA72-0C55CE1E7D87}.Release|Any CPU.ActiveCfg = Release|Any CPU
		{49BF686C-7309-4667-BA72-0C55CE1E7D87}.Release|Any CPU.Build.0 = Release|Any CPU
		{49BF686C-7309-4667-BA72-0C55CE1E7D87}.Release|x64.ActiveCfg = Release|Any CPU
		{49BF686C-7309-4667-BA72-0C55CE1E7D87}.Release|x64.Build.0 = Release|Any CPU
		{49BF686C-7309-4667-BA72-0C55CE1E7D87}.Release|x86.ActiveCfg = Release|Any CPU
		{49BF686C-7309-4667-BA72-0C55CE1E7D87}.Release|x86.Build.0 = Release|Any CPU
		{DE4C85AC-C4B7-488C-93AA-2712FF99C0D0}.Debug|Any CPU.ActiveCfg = Debug|Any CPU
		{DE4C85AC-C4B7-488C-93AA-2712FF99C0D0}.Debug|Any CPU.Build.0 = Debug|Any CPU
		{DE4C85AC-C4B7-488C-93AA-2712FF99C0D0}.Debug|x64.ActiveCfg = Debug|Any CPU
		{DE4C85AC-C4B7-488C-93AA-2712FF99C0D0}.Debug|x64.Build.0 = Debug|Any CPU
		{DE4C85AC-C4B7-488C-93AA-2712FF99C0D0}.Debug|x86.ActiveCfg = Debug|Any CPU
		{DE4C85AC-C4B7-488C-93AA-2712FF99C0D0}.Debug|x86.Build.0 = Debug|Any CPU
		{DE4C85AC-C4B7-488C-93AA-2712FF99C0D0}.Release|Any CPU.ActiveCfg = Release|Any CPU
		{DE4C85AC-C4B7-488C-93AA-2712FF99C0D0}.Release|Any CPU.Build.0 = Release|Any CPU
		{DE4C85AC-C4B7-488C-93AA-2712FF99C0D0}.Release|x64.ActiveCfg = Release|Any CPU
		{DE4C85AC-C4B7-488C-93AA-2712FF99C0D0}.Release|x64.Build.0 = Release|Any CPU
		{DE4C85AC-C4B7-488C-93AA-2712FF99C0D0}.Release|x86.ActiveCfg = Release|Any CPU
		{DE4C85AC-C4B7-488C-93AA-2712FF99C0D0}.Release|x86.Build.0 = Release|Any CPU
	EndGlobalSection
	GlobalSection(SolutionProperties) = preSolution
		HideSolutionNode = FALSE
	EndGlobalSection
	GlobalSection(ExtensibilityGlobals) = postSolution
		SolutionGuid = {9866449B-353D-48CB-80F6-98B2E1254CDA}
	EndGlobalSection
EndGlobal
